
Microsoft Visual Studio Solution File, Format Version 12.00
# Visual Studio Version 17
VisualStudioVersion = 17.8.34309.116
MinimumVisualStudioVersion = 10.0.40219.1
Project("{FAE04EC0-301F-11D3-BF4B-00C04F79EFBC}") = "AbstractModifierTrial", "AbstractModifierTrial\AbstractModifierTrial.csproj", "{F67A096B-8AC9-4AA8-9125-E864B4E9901E}"
EndProject
Global
	GlobalSection(SolutionConfigurationPlatforms) = preSolution
		Debug|Any CPU = Debug|Any CPU
		Release|Any CPU = Release|Any CPU
	EndGlobalSection
	GlobalSection(ProjectConfigurationPlatforms) = postSolution
		{F67A096B-8AC9-4AA8-9125-E864B4E9901E}.Debug|Any CPU.ActiveCfg = Debug|Any CPU
		{F67A096B-8AC9-4AA8-9125-E864B4E9901E}.Debug|Any CPU.Build.0 = Debug|Any CPU
		{F67A096B-8AC9-4AA8-9125-E864B4E9901E}.Release|Any CPU.ActiveCfg = Release|Any CPU
		{F67A096B-8AC9-4AA8-9125-E864B4E9901E}.Release|Any CPU.Build.0 = Release|Any CPU
	EndGlobalSection
	GlobalSection(SolutionProperties) = preSolution
		HideSolutionNode = FALSE
	EndGlobalSection
	GlobalSection(ExtensibilityGlobals) = postSolution
		SolutionGuid = {AE0ECC96-868C-4F08-B5CE-3EA3F62E17B9}
	EndGlobalSection
EndGlobal
